// !$*UTF8*$!
{
	archiveVersion = 1;
	classes = {
	};
	objectVersion = 46;
	objects = {

/* Begin PBXBuildFile section */
		062BDEFB1B29F47900B7F3F8 /* Constant.swift in Sources */ = {isa = PBXBuildFile; fileRef = 062BDEFA1B29F47900B7F3F8 /* Constant.swift */; };
		062BDEFC1B29FC9C00B7F3F8 /* Constant.swift in Sources */ = {isa = PBXBuildFile; fileRef = 062BDEFA1B29F47900B7F3F8 /* Constant.swift */; };
		062BDEFD1B29FC9C00B7F3F8 /* Constant.swift in Sources */ = {isa = PBXBuildFile; fileRef = 062BDEFA1B29F47900B7F3F8 /* Constant.swift */; };
		062BDF611B2AED3100B7F3F8 /* Action.swift in Sources */ = {isa = PBXBuildFile; fileRef = 062BDF601B2AED3100B7F3F8 /* Action.swift */; };
		062BDF661B2B20BE00B7F3F8 /* Action.swift in Sources */ = {isa = PBXBuildFile; fileRef = 062BDF601B2AED3100B7F3F8 /* Action.swift */; };
		062BDF6E1B2B494600B7F3F8 /* GAWatchImplementation.swift in Sources */ = {isa = PBXBuildFile; fileRef = 062BDF6D1B2B494600B7F3F8 /* GAWatchImplementation.swift */; };
		062BDF6F1B2B495700B7F3F8 /* GAWatchImplementation.swift in Sources */ = {isa = PBXBuildFile; fileRef = 062BDF6D1B2B494600B7F3F8 /* GAWatchImplementation.swift */; };
		062BDF761B2B4B9000B7F3F8 /* MessageBuilder.swift in Sources */ = {isa = PBXBuildFile; fileRef = 062BDF751B2B4B9000B7F3F8 /* MessageBuilder.swift */; };
		062BDF771B2B4BCB00B7F3F8 /* MessageBuilder.swift in Sources */ = {isa = PBXBuildFile; fileRef = 062BDF751B2B4B9000B7F3F8 /* MessageBuilder.swift */; };
		062BDF781B2B4BCC00B7F3F8 /* MessageBuilder.swift in Sources */ = {isa = PBXBuildFile; fileRef = 062BDF751B2B4B9000B7F3F8 /* MessageBuilder.swift */; };
		062BDF7F1B2C433600B7F3F8 /* Command.swift in Sources */ = {isa = PBXBuildFile; fileRef = 062BDF7E1B2C433600B7F3F8 /* Command.swift */; };
		062BDF801B2C46A500B7F3F8 /* Command.swift in Sources */ = {isa = PBXBuildFile; fileRef = 062BDF7E1B2C433600B7F3F8 /* Command.swift */; };
		062BDF811B2C46BA00B7F3F8 /* Command.swift in Sources */ = {isa = PBXBuildFile; fileRef = 062BDF7E1B2C433600B7F3F8 /* Command.swift */; };
		062BDF851B2C728E00B7F3F8 /* WatchCommunicator.swift in Sources */ = {isa = PBXBuildFile; fileRef = 062BDF831B2C728B00B7F3F8 /* WatchCommunicator.swift */; };
		062BDF981B2C81E600B7F3F8 /* RedditParser.swift in Sources */ = {isa = PBXBuildFile; fileRef = 064848041B29C58500DBAE42 /* RedditParser.swift */; };
		062BDF991B2C823300B7F3F8 /* RedditProvider.swift in Sources */ = {isa = PBXBuildFile; fileRef = 06E297091AC36D93006F256B /* RedditProvider.swift */; };
		062BDF9C1B2C839700B7F3F8 /* GoogleAnalytics.swift in Sources */ = {isa = PBXBuildFile; fileRef = 064847FF1B299B2C00DBAE42 /* GoogleAnalytics.swift */; };
		062BDF9E1B2C882000B7F3F8 /* libAdIdAccess.a in Frameworks */ = {isa = PBXBuildFile; fileRef = 06BEFEB81AC75BF1009D78D6 /* libAdIdAccess.a */; };
		062BDF9F1B2C882000B7F3F8 /* libGoogleAnalyticsServices.a in Frameworks */ = {isa = PBXBuildFile; fileRef = 06BEFEB91AC75BF1009D78D6 /* libGoogleAnalyticsServices.a */; };
		062BDFA01B2C885300B7F3F8 /* CoreData.framework in Frameworks */ = {isa = PBXBuildFile; fileRef = 06647BC01AC5D28C0082DFAB /* CoreData.framework */; };
		062BDFA11B2C886100B7F3F8 /* SystemConfiguration.framework in Frameworks */ = {isa = PBXBuildFile; fileRef = 06647BC21AC5D2970082DFAB /* SystemConfiguration.framework */; };
		062BDFA21B2C887100B7F3F8 /* libz.dylib in Frameworks */ = {isa = PBXBuildFile; fileRef = 06647BC41AC5D2A20082DFAB /* libz.dylib */; };
		062BDFA31B2C89BC00B7F3F8 /* libsqlite3.dylib in Frameworks */ = {isa = PBXBuildFile; fileRef = 06647BC61AC5D2B80082DFAB /* libsqlite3.dylib */; };
		062BDFA61B2C9FEB00B7F3F8 /* redditMock.json in Resources */ = {isa = PBXBuildFile; fileRef = 062BDFA51B2C9FEB00B7F3F8 /* redditMock.json */; };
		064847FE1B299AEF00DBAE42 /* QuoteModel.swift in Sources */ = {isa = PBXBuildFile; fileRef = 064847FD1B299AEF00DBAE42 /* QuoteModel.swift */; };
		064848001B299B2C00DBAE42 /* GoogleAnalytics.swift in Sources */ = {isa = PBXBuildFile; fileRef = 064847FF1B299B2C00DBAE42 /* GoogleAnalytics.swift */; };
		064848051B29C58500DBAE42 /* RedditParser.swift in Sources */ = {isa = PBXBuildFile; fileRef = 064848041B29C58500DBAE42 /* RedditParser.swift */; };
		064848071B29EC2500DBAE42 /* RedditParser.swift in Sources */ = {isa = PBXBuildFile; fileRef = 064848041B29C58500DBAE42 /* RedditParser.swift */; };
		064848081B29EE3500DBAE42 /* QuoteModel.swift in Sources */ = {isa = PBXBuildFile; fileRef = 064847FD1B299AEF00DBAE42 /* QuoteModel.swift */; };
		064848091B29EE3600DBAE42 /* QuoteModel.swift in Sources */ = {isa = PBXBuildFile; fileRef = 064847FD1B299AEF00DBAE42 /* QuoteModel.swift */; };
		06647BAC1AC37AB60082DFAB /* RedditProvider.swift in Sources */ = {isa = PBXBuildFile; fileRef = 06E297091AC36D93006F256B /* RedditProvider.swift */; };
		06647BAE1AC37D070082DFAB /* InterfaceController.swift in Sources */ = {isa = PBXBuildFile; fileRef = 06FF0F5D1AC36094002E1B21 /* InterfaceController.swift */; };
		06647BAF1AC37FEF0082DFAB /* RedditProvider.swift in Sources */ = {isa = PBXBuildFile; fileRef = 06E297091AC36D93006F256B /* RedditProvider.swift */; };
		06647BC11AC5D28C0082DFAB /* CoreData.framework in Frameworks */ = {isa = PBXBuildFile; fileRef = 06647BC01AC5D28C0082DFAB /* CoreData.framework */; };
		06647BC31AC5D2970082DFAB /* SystemConfiguration.framework in Frameworks */ = {isa = PBXBuildFile; fileRef = 06647BC21AC5D2970082DFAB /* SystemConfiguration.framework */; };
		06647BC51AC5D2A20082DFAB /* libz.dylib in Frameworks */ = {isa = PBXBuildFile; fileRef = 06647BC41AC5D2A20082DFAB /* libz.dylib */; };
		06647BC71AC5D2B80082DFAB /* libsqlite3.dylib in Frameworks */ = {isa = PBXBuildFile; fileRef = 06647BC61AC5D2B80082DFAB /* libsqlite3.dylib */; };
		06BEFEBA1AC75BF1009D78D6 /* libAdIdAccess.a in Frameworks */ = {isa = PBXBuildFile; fileRef = 06BEFEB81AC75BF1009D78D6 /* libAdIdAccess.a */; settings = {ATTRIBUTES = (Required, ); }; };
		06BEFEBB1AC75BF1009D78D6 /* libGoogleAnalyticsServices.a in Frameworks */ = {isa = PBXBuildFile; fileRef = 06BEFEB91AC75BF1009D78D6 /* libGoogleAnalyticsServices.a */; };
		06D37C931AD076A90056C9ED /* UIView+AutoLayout.swift in Sources */ = {isa = PBXBuildFile; fileRef = 06D37C921AD076A90056C9ED /* UIView+AutoLayout.swift */; };
		06D37C951AD0780E0056C9ED /* DataSource.swift in Sources */ = {isa = PBXBuildFile; fileRef = 06D37C941AD0780E0056C9ED /* DataSource.swift */; };
		06D37C991AD07F730056C9ED /* UIColectionViewCellCustom.swift in Sources */ = {isa = PBXBuildFile; fileRef = 06D37C981AD07F730056C9ED /* UIColectionViewCellCustom.swift */; };
		06D37C9B1AD0AC1D0056C9ED /* UICollectionFlowLayoutCustom.swift in Sources */ = {isa = PBXBuildFile; fileRef = 06D37C9A1AD0AC1D0056C9ED /* UICollectionFlowLayoutCustom.swift */; };
		06FF0F351AC36066002E1B21 /* AppDelegate.swift in Sources */ = {isa = PBXBuildFile; fileRef = 06FF0F341AC36066002E1B21 /* AppDelegate.swift */; };
		06FF0F371AC36066002E1B21 /* ViewController.swift in Sources */ = {isa = PBXBuildFile; fileRef = 06FF0F361AC36066002E1B21 /* ViewController.swift */; };
		06FF0F3C1AC36066002E1B21 /* Images.xcassets in Resources */ = {isa = PBXBuildFile; fileRef = 06FF0F3B1AC36066002E1B21 /* Images.xcassets */; };
		06FF0F3F1AC36066002E1B21 /* LaunchScreen.xib in Resources */ = {isa = PBXBuildFile; fileRef = 06FF0F3D1AC36066002E1B21 /* LaunchScreen.xib */; };
		06FF0F4B1AC36066002E1B21 /* RedditParserTests.swift in Sources */ = {isa = PBXBuildFile; fileRef = 06FF0F4A1AC36066002E1B21 /* RedditParserTests.swift */; };
		06FF0F641AC36094002E1B21 /* Images.xcassets in Resources */ = {isa = PBXBuildFile; fileRef = 06FF0F631AC36094002E1B21 /* Images.xcassets */; };
		06FF0F681AC36094002E1B21 /* Quotes WatchKit App.app in Resources */ = {isa = PBXBuildFile; fileRef = 06FF0F671AC36094002E1B21 /* Quotes WatchKit App.app */; };
		06FF0F701AC36094002E1B21 /* Interface.storyboard in Resources */ = {isa = PBXBuildFile; fileRef = 06FF0F6E1AC36094002E1B21 /* Interface.storyboard */; };
		06FF0F721AC36094002E1B21 /* Images.xcassets in Resources */ = {isa = PBXBuildFile; fileRef = 06FF0F711AC36094002E1B21 /* Images.xcassets */; };
		06FF0F751AC36094002E1B21 /* Quotes WatchKit Extension.appex in Embed App Extensions */ = {isa = PBXBuildFile; fileRef = 06FF0F581AC36094002E1B21 /* Quotes WatchKit Extension.appex */; settings = {ATTRIBUTES = (RemoveHeadersOnCopy, ); }; };
		835E83050CBE92599C8F2984 /* Pods_Quotes.framework in Frameworks */ = {isa = PBXBuildFile; fileRef = F64D2149CA692D4684757FA6 /* Pods_Quotes.framework */; settings = {ATTRIBUTES = (Weak, ); }; };
		B9C7B0A95FC022DB0A6E3079 /* Pods_Quotes_WatchKit_Extension.framework in Frameworks */ = {isa = PBXBuildFile; fileRef = 25B2D3390A5B6252C645F025 /* Pods_Quotes_WatchKit_Extension.framework */; settings = {ATTRIBUTES = (Weak, ); }; };
/* End PBXBuildFile section */

/* Begin PBXContainerItemProxy section */
		06FF0F451AC36066002E1B21 /* PBXContainerItemProxy */ = {
			isa = PBXContainerItemProxy;
			containerPortal = 06FF0F271AC36066002E1B21 /* Project object */;
			proxyType = 1;
			remoteGlobalIDString = 06FF0F2E1AC36066002E1B21;
			remoteInfo = Quotes;
		};
		06FF0F691AC36094002E1B21 /* PBXContainerItemProxy */ = {
			isa = PBXContainerItemProxy;
			containerPortal = 06FF0F271AC36066002E1B21 /* Project object */;
			proxyType = 1;
			remoteGlobalIDString = 06FF0F661AC36094002E1B21;
			remoteInfo = "Quotes WatchKit App";
		};
		06FF0F731AC36094002E1B21 /* PBXContainerItemProxy */ = {
			isa = PBXContainerItemProxy;
			containerPortal = 06FF0F271AC36066002E1B21 /* Project object */;
			proxyType = 1;
			remoteGlobalIDString = 06FF0F571AC36094002E1B21;
			remoteInfo = "Quotes WatchKit Extension";
		};
/* End PBXContainerItemProxy section */

/* Begin PBXCopyFilesBuildPhase section */
		065A43DD1B6D1E3200944505 /* Embed Frameworks */ = {
			isa = PBXCopyFilesBuildPhase;
			buildActionMask = 2147483647;
			dstPath = "";
			dstSubfolderSpec = 10;
			files = (
			);
			name = "Embed Frameworks";
			runOnlyForDeploymentPostprocessing = 0;
		};
		0685C8991B7356A200FCFC14 /* Embed Frameworks */ = {
			isa = PBXCopyFilesBuildPhase;
			buildActionMask = 2147483647;
			dstPath = "";
			dstSubfolderSpec = 10;
			files = (
			);
			name = "Embed Frameworks";
			runOnlyForDeploymentPostprocessing = 0;
		};
		06FF0F7C1AC36095002E1B21 /* Embed App Extensions */ = {
			isa = PBXCopyFilesBuildPhase;
			buildActionMask = 2147483647;
			dstPath = "";
			dstSubfolderSpec = 13;
			files = (
				06FF0F751AC36094002E1B21 /* Quotes WatchKit Extension.appex in Embed App Extensions */,
			);
			name = "Embed App Extensions";
			runOnlyForDeploymentPostprocessing = 0;
		};
/* End PBXCopyFilesBuildPhase section */

/* Begin PBXFileReference section */
		062BDEFA1B29F47900B7F3F8 /* Constant.swift */ = {isa = PBXFileReference; fileEncoding = 4; lastKnownFileType = sourcecode.swift; path = Constant.swift; sourceTree = "<group>"; };
		062BDF601B2AED3100B7F3F8 /* Action.swift */ = {isa = PBXFileReference; fileEncoding = 4; lastKnownFileType = sourcecode.swift; path = Action.swift; sourceTree = "<group>"; };
		062BDF6D1B2B494600B7F3F8 /* GAWatchImplementation.swift */ = {isa = PBXFileReference; fileEncoding = 4; lastKnownFileType = sourcecode.swift; path = GAWatchImplementation.swift; sourceTree = "<group>"; };
		062BDF751B2B4B9000B7F3F8 /* MessageBuilder.swift */ = {isa = PBXFileReference; fileEncoding = 4; lastKnownFileType = sourcecode.swift; path = MessageBuilder.swift; sourceTree = "<group>"; };
		062BDF7E1B2C433600B7F3F8 /* Command.swift */ = {isa = PBXFileReference; fileEncoding = 4; lastKnownFileType = sourcecode.swift; path = Command.swift; sourceTree = "<group>"; };
		062BDF831B2C728B00B7F3F8 /* WatchCommunicator.swift */ = {isa = PBXFileReference; fileEncoding = 4; lastKnownFileType = sourcecode.swift; path = WatchCommunicator.swift; sourceTree = "<group>"; };
		062BDFA51B2C9FEB00B7F3F8 /* redditMock.json */ = {isa = PBXFileReference; fileEncoding = 4; lastKnownFileType = text.json; path = redditMock.json; sourceTree = "<group>"; };
		064847FD1B299AEF00DBAE42 /* QuoteModel.swift */ = {isa = PBXFileReference; fileEncoding = 4; lastKnownFileType = sourcecode.swift; path = QuoteModel.swift; sourceTree = "<group>"; };
		064847FF1B299B2C00DBAE42 /* GoogleAnalytics.swift */ = {isa = PBXFileReference; fileEncoding = 4; lastKnownFileType = sourcecode.swift; path = GoogleAnalytics.swift; sourceTree = "<group>"; };
		064848041B29C58500DBAE42 /* RedditParser.swift */ = {isa = PBXFileReference; fileEncoding = 4; lastKnownFileType = sourcecode.swift; path = RedditParser.swift; sourceTree = "<group>"; };
		06647BC01AC5D28C0082DFAB /* CoreData.framework */ = {isa = PBXFileReference; lastKnownFileType = wrapper.framework; name = CoreData.framework; path = System/Library/Frameworks/CoreData.framework; sourceTree = SDKROOT; };
		06647BC21AC5D2970082DFAB /* SystemConfiguration.framework */ = {isa = PBXFileReference; lastKnownFileType = wrapper.framework; name = SystemConfiguration.framework; path = System/Library/Frameworks/SystemConfiguration.framework; sourceTree = SDKROOT; };
		06647BC41AC5D2A20082DFAB /* libz.dylib */ = {isa = PBXFileReference; lastKnownFileType = "compiled.mach-o.dylib"; name = libz.dylib; path = usr/lib/libz.dylib; sourceTree = SDKROOT; };
		06647BC61AC5D2B80082DFAB /* libsqlite3.dylib */ = {isa = PBXFileReference; lastKnownFileType = "compiled.mach-o.dylib"; name = libsqlite3.dylib; path = usr/lib/libsqlite3.dylib; sourceTree = SDKROOT; };
		067064521AC6AA680089E54B /* GA */ = {isa = PBXFileReference; lastKnownFileType = folder; name = GA; path = Quotes/GA; sourceTree = "<group>"; };
		06BEFEB81AC75BF1009D78D6 /* libAdIdAccess.a */ = {isa = PBXFileReference; lastKnownFileType = archive.ar; name = libAdIdAccess.a; path = Quotes/GA/libAdIdAccess.a; sourceTree = "<group>"; };
		06BEFEB91AC75BF1009D78D6 /* libGoogleAnalyticsServices.a */ = {isa = PBXFileReference; lastKnownFileType = archive.ar; name = libGoogleAnalyticsServices.a; path = Quotes/GA/libGoogleAnalyticsServices.a; sourceTree = "<group>"; };
		06D37C921AD076A90056C9ED /* UIView+AutoLayout.swift */ = {isa = PBXFileReference; fileEncoding = 4; lastKnownFileType = sourcecode.swift; path = "UIView+AutoLayout.swift"; sourceTree = "<group>"; };
		06D37C941AD0780E0056C9ED /* DataSource.swift */ = {isa = PBXFileReference; fileEncoding = 4; lastKnownFileType = sourcecode.swift; path = DataSource.swift; sourceTree = "<group>"; };
		06D37C981AD07F730056C9ED /* UIColectionViewCellCustom.swift */ = {isa = PBXFileReference; fileEncoding = 4; lastKnownFileType = sourcecode.swift; path = UIColectionViewCellCustom.swift; sourceTree = "<group>"; };
		06D37C9A1AD0AC1D0056C9ED /* UICollectionFlowLayoutCustom.swift */ = {isa = PBXFileReference; fileEncoding = 4; lastKnownFileType = sourcecode.swift; path = UICollectionFlowLayoutCustom.swift; sourceTree = "<group>"; };
		06E297091AC36D93006F256B /* RedditProvider.swift */ = {isa = PBXFileReference; fileEncoding = 4; lastKnownFileType = sourcecode.swift; path = RedditProvider.swift; sourceTree = "<group>"; };
		06FF0F2F1AC36066002E1B21 /* Quotes.app */ = {isa = PBXFileReference; explicitFileType = wrapper.application; includeInIndex = 0; path = Quotes.app; sourceTree = BUILT_PRODUCTS_DIR; };
		06FF0F331AC36066002E1B21 /* Info.plist */ = {isa = PBXFileReference; lastKnownFileType = text.plist.xml; path = Info.plist; sourceTree = "<group>"; };
		06FF0F341AC36066002E1B21 /* AppDelegate.swift */ = {isa = PBXFileReference; lastKnownFileType = sourcecode.swift; path = AppDelegate.swift; sourceTree = "<group>"; };
		06FF0F361AC36066002E1B21 /* ViewController.swift */ = {isa = PBXFileReference; lastKnownFileType = sourcecode.swift; path = ViewController.swift; sourceTree = "<group>"; };
		06FF0F3B1AC36066002E1B21 /* Images.xcassets */ = {isa = PBXFileReference; lastKnownFileType = folder.assetcatalog; path = Images.xcassets; sourceTree = "<group>"; };
		06FF0F3E1AC36066002E1B21 /* Base */ = {isa = PBXFileReference; lastKnownFileType = file.xib; name = Base; path = Base.lproj/LaunchScreen.xib; sourceTree = "<group>"; };
		06FF0F441AC36066002E1B21 /* QuotesTests.xctest */ = {isa = PBXFileReference; explicitFileType = wrapper.cfbundle; includeInIndex = 0; path = QuotesTests.xctest; sourceTree = BUILT_PRODUCTS_DIR; };
		06FF0F491AC36066002E1B21 /* Info.plist */ = {isa = PBXFileReference; lastKnownFileType = text.plist.xml; path = Info.plist; sourceTree = "<group>"; };
		06FF0F4A1AC36066002E1B21 /* RedditParserTests.swift */ = {isa = PBXFileReference; lastKnownFileType = sourcecode.swift; path = RedditParserTests.swift; sourceTree = "<group>"; };
		06FF0F581AC36094002E1B21 /* Quotes WatchKit Extension.appex */ = {isa = PBXFileReference; explicitFileType = "wrapper.app-extension"; includeInIndex = 0; path = "Quotes WatchKit Extension.appex"; sourceTree = BUILT_PRODUCTS_DIR; };
		06FF0F5B1AC36094002E1B21 /* Info.plist */ = {isa = PBXFileReference; lastKnownFileType = text.plist.xml; path = Info.plist; sourceTree = "<group>"; };
		06FF0F5C1AC36094002E1B21 /* PushNotificationPayload.apns */ = {isa = PBXFileReference; lastKnownFileType = text; path = PushNotificationPayload.apns; sourceTree = "<group>"; };
		06FF0F5D1AC36094002E1B21 /* InterfaceController.swift */ = {isa = PBXFileReference; lastKnownFileType = sourcecode.swift; path = InterfaceController.swift; sourceTree = "<group>"; };
		06FF0F631AC36094002E1B21 /* Images.xcassets */ = {isa = PBXFileReference; lastKnownFileType = folder.assetcatalog; path = Images.xcassets; sourceTree = "<group>"; };
		06FF0F671AC36094002E1B21 /* Quotes WatchKit App.app */ = {isa = PBXFileReference; explicitFileType = wrapper.application; includeInIndex = 0; path = "Quotes WatchKit App.app"; sourceTree = BUILT_PRODUCTS_DIR; };
		06FF0F6D1AC36094002E1B21 /* Info.plist */ = {isa = PBXFileReference; lastKnownFileType = text.plist.xml; path = Info.plist; sourceTree = "<group>"; };
		06FF0F6F1AC36094002E1B21 /* Base */ = {isa = PBXFileReference; lastKnownFileType = file.storyboard; name = Base; path = Base.lproj/Interface.storyboard; sourceTree = "<group>"; };
		06FF0F711AC36094002E1B21 /* Images.xcassets */ = {isa = PBXFileReference; lastKnownFileType = folder.assetcatalog; path = Images.xcassets; sourceTree = "<group>"; };
		25B2D3390A5B6252C645F025 /* Pods_Quotes_WatchKit_Extension.framework */ = {isa = PBXFileReference; explicitFileType = wrapper.framework; includeInIndex = 0; path = Pods_Quotes_WatchKit_Extension.framework; sourceTree = BUILT_PRODUCTS_DIR; };
		8EC5C982DC13FB6B18E44232 /* Pods-Quotes.debug.xcconfig */ = {isa = PBXFileReference; includeInIndex = 1; lastKnownFileType = text.xcconfig; name = "Pods-Quotes.debug.xcconfig"; path = "Pods/Target Support Files/Pods-Quotes/Pods-Quotes.debug.xcconfig"; sourceTree = "<group>"; };
		9012A927873326661C88BD4E /* Pods-Quotes WatchKit Extension.debug.xcconfig */ = {isa = PBXFileReference; includeInIndex = 1; lastKnownFileType = text.xcconfig; name = "Pods-Quotes WatchKit Extension.debug.xcconfig"; path = "Pods/Target Support Files/Pods-Quotes WatchKit Extension/Pods-Quotes WatchKit Extension.debug.xcconfig"; sourceTree = "<group>"; };
		E5AD1545A13AF0FDAB2858E6 /* Pods-Quotes WatchKit Extension.release.xcconfig */ = {isa = PBXFileReference; includeInIndex = 1; lastKnownFileType = text.xcconfig; name = "Pods-Quotes WatchKit Extension.release.xcconfig"; path = "Pods/Target Support Files/Pods-Quotes WatchKit Extension/Pods-Quotes WatchKit Extension.release.xcconfig"; sourceTree = "<group>"; };
		F64D2149CA692D4684757FA6 /* Pods_Quotes.framework */ = {isa = PBXFileReference; explicitFileType = wrapper.framework; includeInIndex = 0; path = Pods_Quotes.framework; sourceTree = BUILT_PRODUCTS_DIR; };
		FA445B3E53DCAEA19998CFCB /* Pods-Quotes.release.xcconfig */ = {isa = PBXFileReference; includeInIndex = 1; lastKnownFileType = text.xcconfig; name = "Pods-Quotes.release.xcconfig"; path = "Pods/Target Support Files/Pods-Quotes/Pods-Quotes.release.xcconfig"; sourceTree = "<group>"; };
/* End PBXFileReference section */

/* Begin PBXFrameworksBuildPhase section */
		06FF0F2C1AC36066002E1B21 /* Frameworks */ = {
			isa = PBXFrameworksBuildPhase;
			buildActionMask = 2147483647;
			files = (
				06BEFEBA1AC75BF1009D78D6 /* libAdIdAccess.a in Frameworks */,
				06BEFEBB1AC75BF1009D78D6 /* libGoogleAnalyticsServices.a in Frameworks */,
				06647BC71AC5D2B80082DFAB /* libsqlite3.dylib in Frameworks */,
				06647BC51AC5D2A20082DFAB /* libz.dylib in Frameworks */,
				06647BC31AC5D2970082DFAB /* SystemConfiguration.framework in Frameworks */,
				06647BC11AC5D28C0082DFAB /* CoreData.framework in Frameworks */,
				835E83050CBE92599C8F2984 /* Pods_Quotes.framework in Frameworks */,
			);
			runOnlyForDeploymentPostprocessing = 0;
		};
		06FF0F411AC36066002E1B21 /* Frameworks */ = {
			isa = PBXFrameworksBuildPhase;
			buildActionMask = 2147483647;
			files = (
				062BDFA31B2C89BC00B7F3F8 /* libsqlite3.dylib in Frameworks */,
				062BDFA21B2C887100B7F3F8 /* libz.dylib in Frameworks */,
				062BDFA11B2C886100B7F3F8 /* SystemConfiguration.framework in Frameworks */,
				062BDFA01B2C885300B7F3F8 /* CoreData.framework in Frameworks */,
				062BDF9E1B2C882000B7F3F8 /* libAdIdAccess.a in Frameworks */,
				062BDF9F1B2C882000B7F3F8 /* libGoogleAnalyticsServices.a in Frameworks */,
			);
			runOnlyForDeploymentPostprocessing = 0;
		};
		06FF0F551AC36094002E1B21 /* Frameworks */ = {
			isa = PBXFrameworksBuildPhase;
			buildActionMask = 2147483647;
			files = (
				B9C7B0A95FC022DB0A6E3079 /* Pods_Quotes_WatchKit_Extension.framework in Frameworks */,
			);
			runOnlyForDeploymentPostprocessing = 0;
		};
/* End PBXFrameworksBuildPhase section */

/* Begin PBXGroup section */
		062BDEF81B29F24500B7F3F8 /* DataSource */ = {
			isa = PBXGroup;
			children = (
				06D37C941AD0780E0056C9ED /* DataSource.swift */,
			);
			name = DataSource;
			sourceTree = "<group>";
		};
		062BDEF91B29F45300B7F3F8 /* Configuration */ = {
			isa = PBXGroup;
			children = (
				062BDEFA1B29F47900B7F3F8 /* Constant.swift */,
			);
			name = Configuration;
			sourceTree = "<group>";
		};
		062BDF5F1B2A292B00B7F3F8 /* Classes */ = {
			isa = PBXGroup;
			children = (
				064847FC1B299AC600DBAE42 /* Model */,
				062BDEF81B29F24500B7F3F8 /* DataSource */,
				064848011B299B6A00DBAE42 /* UI */,
				064848031B299BD600DBAE42 /* Controllers */,
				062BDF791B2B54AC00B7F3F8 /* Common */,
				062BDF6A1B2B219B00B7F3F8 /* Watch */,
				064848021B299BBE00DBAE42 /* Providers */,
				064847F91B299A4F00DBAE42 /* RedditParser */,
				06D37C911AD076860056C9ED /* Extensions */,
				06647BB11AC5D1B10082DFAB /* GA */,
			);
			name = Classes;
			sourceTree = "<group>";
		};
		062BDF6A1B2B219B00B7F3F8 /* Watch */ = {
			isa = PBXGroup;
			children = (
				062BDF6D1B2B494600B7F3F8 /* GAWatchImplementation.swift */,
				062BDF831B2C728B00B7F3F8 /* WatchCommunicator.swift */,
			);
			name = Watch;
			sourceTree = "<group>";
		};
		062BDF791B2B54AC00B7F3F8 /* Common */ = {
			isa = PBXGroup;
			children = (
				062BDF751B2B4B9000B7F3F8 /* MessageBuilder.swift */,
				062BDF601B2AED3100B7F3F8 /* Action.swift */,
				062BDF7E1B2C433600B7F3F8 /* Command.swift */,
			);
			name = Common;
			sourceTree = "<group>";
		};
		062BDFA41B2C9FDA00B7F3F8 /* Mocks */ = {
			isa = PBXGroup;
			children = (
				062BDFA51B2C9FEB00B7F3F8 /* redditMock.json */,
			);
			name = Mocks;
			sourceTree = "<group>";
		};
		064847F91B299A4F00DBAE42 /* RedditParser */ = {
			isa = PBXGroup;
			children = (
				064848041B29C58500DBAE42 /* RedditParser.swift */,
			);
			name = RedditParser;
			sourceTree = "<group>";
		};
		064847FC1B299AC600DBAE42 /* Model */ = {
			isa = PBXGroup;
			children = (
				064847FD1B299AEF00DBAE42 /* QuoteModel.swift */,
			);
			name = Model;
			sourceTree = "<group>";
		};
		064848011B299B6A00DBAE42 /* UI */ = {
			isa = PBXGroup;
			children = (
				06D37C981AD07F730056C9ED /* UIColectionViewCellCustom.swift */,
				06D37C9A1AD0AC1D0056C9ED /* UICollectionFlowLayoutCustom.swift */,
			);
			name = UI;
			sourceTree = "<group>";
		};
		064848021B299BBE00DBAE42 /* Providers */ = {
			isa = PBXGroup;
			children = (
				06E297091AC36D93006F256B /* RedditProvider.swift */,
			);
			name = Providers;
			sourceTree = "<group>";
		};
		064848031B299BD600DBAE42 /* Controllers */ = {
			isa = PBXGroup;
			children = (
				06FF0F361AC36066002E1B21 /* ViewController.swift */,
			);
			name = Controllers;
			sourceTree = "<group>";
		};
		06647BB11AC5D1B10082DFAB /* GA */ = {
			isa = PBXGroup;
			children = (
				064847FF1B299B2C00DBAE42 /* GoogleAnalytics.swift */,
			);
			name = GA;
			sourceTree = "<group>";
		};
		06647BB41AC5D1EF0082DFAB /* Frameworks */ = {
			isa = PBXGroup;
			children = (
				06BEFEB81AC75BF1009D78D6 /* libAdIdAccess.a */,
				06BEFEB91AC75BF1009D78D6 /* libGoogleAnalyticsServices.a */,
				067064521AC6AA680089E54B /* GA */,
				06647BC81AC5D31A0082DFAB /* Apple */,
				F64D2149CA692D4684757FA6 /* Pods_Quotes.framework */,
				25B2D3390A5B6252C645F025 /* Pods_Quotes_WatchKit_Extension.framework */,
			);
			name = Frameworks;
			sourceTree = "<group>";
		};
		06647BC81AC5D31A0082DFAB /* Apple */ = {
			isa = PBXGroup;
			children = (
				06647BC61AC5D2B80082DFAB /* libsqlite3.dylib */,
				06647BC41AC5D2A20082DFAB /* libz.dylib */,
				06647BC21AC5D2970082DFAB /* SystemConfiguration.framework */,
				06647BC01AC5D28C0082DFAB /* CoreData.framework */,
			);
			name = Apple;
			sourceTree = "<group>";
		};
		06D37C911AD076860056C9ED /* Extensions */ = {
			isa = PBXGroup;
			children = (
				06D37C921AD076A90056C9ED /* UIView+AutoLayout.swift */,
			);
			name = Extensions;
			sourceTree = "<group>";
		};
		06FF0F261AC36066002E1B21 = {
			isa = PBXGroup;
			children = (
				06647BB41AC5D1EF0082DFAB /* Frameworks */,
				06FF0F311AC36066002E1B21 /* Quotes */,
				06FF0F471AC36066002E1B21 /* QuotesTests */,
				06FF0F591AC36094002E1B21 /* Quotes WatchKit Extension */,
				06FF0F6B1AC36094002E1B21 /* Quotes WatchKit App */,
				06FF0F301AC36066002E1B21 /* Products */,
				872723080ECB7F62BF029586 /* Pods */,
			);
			sourceTree = "<group>";
		};
		06FF0F301AC36066002E1B21 /* Products */ = {
			isa = PBXGroup;
			children = (
				06FF0F2F1AC36066002E1B21 /* Quotes.app */,
				06FF0F441AC36066002E1B21 /* QuotesTests.xctest */,
				06FF0F581AC36094002E1B21 /* Quotes WatchKit Extension.appex */,
				06FF0F671AC36094002E1B21 /* Quotes WatchKit App.app */,
			);
			name = Products;
			sourceTree = "<group>";
		};
		06FF0F311AC36066002E1B21 /* Quotes */ = {
			isa = PBXGroup;
			children = (
				062BDEF91B29F45300B7F3F8 /* Configuration */,
				062BDF5F1B2A292B00B7F3F8 /* Classes */,
				06FF0F341AC36066002E1B21 /* AppDelegate.swift */,
				06FF0F3B1AC36066002E1B21 /* Images.xcassets */,
				06FF0F3D1AC36066002E1B21 /* LaunchScreen.xib */,
				06FF0F321AC36066002E1B21 /* Supporting Files */,
			);
			path = Quotes;
			sourceTree = "<group>";
		};
		06FF0F321AC36066002E1B21 /* Supporting Files */ = {
			isa = PBXGroup;
			children = (
				06FF0F331AC36066002E1B21 /* Info.plist */,
			);
			name = "Supporting Files";
			sourceTree = "<group>";
		};
		06FF0F471AC36066002E1B21 /* QuotesTests */ = {
			isa = PBXGroup;
			children = (
				062BDFA41B2C9FDA00B7F3F8 /* Mocks */,
				06FF0F4A1AC36066002E1B21 /* RedditParserTests.swift */,
				06FF0F481AC36066002E1B21 /* Supporting Files */,
			);
			path = QuotesTests;
			sourceTree = "<group>";
		};
		06FF0F481AC36066002E1B21 /* Supporting Files */ = {
			isa = PBXGroup;
			children = (
				06FF0F491AC36066002E1B21 /* Info.plist */,
			);
			name = "Supporting Files";
			sourceTree = "<group>";
		};
		06FF0F591AC36094002E1B21 /* Quotes WatchKit Extension */ = {
			isa = PBXGroup;
			children = (
				06FF0F5D1AC36094002E1B21 /* InterfaceController.swift */,
				06FF0F631AC36094002E1B21 /* Images.xcassets */,
				06FF0F5A1AC36094002E1B21 /* Supporting Files */,
			);
			path = "Quotes WatchKit Extension";
			sourceTree = "<group>";
		};
		06FF0F5A1AC36094002E1B21 /* Supporting Files */ = {
			isa = PBXGroup;
			children = (
				06FF0F5B1AC36094002E1B21 /* Info.plist */,
				06FF0F5C1AC36094002E1B21 /* PushNotificationPayload.apns */,
			);
			name = "Supporting Files";
			sourceTree = "<group>";
		};
		06FF0F6B1AC36094002E1B21 /* Quotes WatchKit App */ = {
			isa = PBXGroup;
			children = (
				06FF0F6E1AC36094002E1B21 /* Interface.storyboard */,
				06FF0F711AC36094002E1B21 /* Images.xcassets */,
				06FF0F6C1AC36094002E1B21 /* Supporting Files */,
			);
			path = "Quotes WatchKit App";
			sourceTree = "<group>";
		};
		06FF0F6C1AC36094002E1B21 /* Supporting Files */ = {
			isa = PBXGroup;
			children = (
				06FF0F6D1AC36094002E1B21 /* Info.plist */,
			);
			name = "Supporting Files";
			sourceTree = "<group>";
		};
		872723080ECB7F62BF029586 /* Pods */ = {
			isa = PBXGroup;
			children = (
				8EC5C982DC13FB6B18E44232 /* Pods-Quotes.debug.xcconfig */,
				FA445B3E53DCAEA19998CFCB /* Pods-Quotes.release.xcconfig */,
				9012A927873326661C88BD4E /* Pods-Quotes WatchKit Extension.debug.xcconfig */,
				E5AD1545A13AF0FDAB2858E6 /* Pods-Quotes WatchKit Extension.release.xcconfig */,
			);
			name = Pods;
			sourceTree = "<group>";
		};
/* End PBXGroup section */

/* Begin PBXNativeTarget section */
		06FF0F2E1AC36066002E1B21 /* Quotes */ = {
			isa = PBXNativeTarget;
			buildConfigurationList = 06FF0F4E1AC36066002E1B21 /* Build configuration list for PBXNativeTarget "Quotes" */;
			buildPhases = (
				07EF9A1170C229BD35B7CCD7 /* Check Pods Manifest.lock */,
				06FF0F2B1AC36066002E1B21 /* Sources */,
				06FF0F2C1AC36066002E1B21 /* Frameworks */,
				06FF0F2D1AC36066002E1B21 /* Resources */,
				06FF0F7C1AC36095002E1B21 /* Embed App Extensions */,
				065A43DD1B6D1E3200944505 /* Embed Frameworks */,
				D8C2A8091E9CA6C55BEFAEAA /* Embed Pods Frameworks */,
				03EBFCF77CB97AD9E37945CD /* Copy Pods Resources */,
				06C604001B76214C002AD31B /* Run Script */,
			);
			buildRules = (
			);
			dependencies = (
				06FF0F741AC36094002E1B21 /* PBXTargetDependency */,
			);
			name = Quotes;
			productName = Quotes;
			productReference = 06FF0F2F1AC36066002E1B21 /* Quotes.app */;
			productType = "com.apple.product-type.application";
		};
		06FF0F431AC36066002E1B21 /* QuotesTests */ = {
			isa = PBXNativeTarget;
			buildConfigurationList = 06FF0F511AC36066002E1B21 /* Build configuration list for PBXNativeTarget "QuotesTests" */;
			buildPhases = (
				06FF0F401AC36066002E1B21 /* Sources */,
				06FF0F411AC36066002E1B21 /* Frameworks */,
				06FF0F421AC36066002E1B21 /* Resources */,
			);
			buildRules = (
			);
			dependencies = (
				06FF0F461AC36066002E1B21 /* PBXTargetDependency */,
			);
			name = QuotesTests;
			productName = QuotesTests;
			productReference = 06FF0F441AC36066002E1B21 /* QuotesTests.xctest */;
			productType = "com.apple.product-type.bundle.unit-test";
		};
		06FF0F571AC36094002E1B21 /* Quotes WatchKit Extension */ = {
			isa = PBXNativeTarget;
			buildConfigurationList = 06FF0F791AC36095002E1B21 /* Build configuration list for PBXNativeTarget "Quotes WatchKit Extension" */;
			buildPhases = (
				991E924F21D26B8FE4FA4712 /* Check Pods Manifest.lock */,
				06FF0F541AC36094002E1B21 /* Sources */,
				06FF0F551AC36094002E1B21 /* Frameworks */,
				06FF0F561AC36094002E1B21 /* Resources */,
				0685C8991B7356A200FCFC14 /* Embed Frameworks */,
				1C48CEDD1388DE03B8FA415B /* Copy Pods Resources */,
			);
			buildRules = (
			);
			dependencies = (
				06FF0F6A1AC36094002E1B21 /* PBXTargetDependency */,
			);
			name = "Quotes WatchKit Extension";
			productName = "Quotes WatchKit Extension";
			productReference = 06FF0F581AC36094002E1B21 /* Quotes WatchKit Extension.appex */;
			productType = "com.apple.product-type.watchkit-extension";
		};
		06FF0F661AC36094002E1B21 /* Quotes WatchKit App */ = {
			isa = PBXNativeTarget;
			buildConfigurationList = 06FF0F761AC36095002E1B21 /* Build configuration list for PBXNativeTarget "Quotes WatchKit App" */;
			buildPhases = (
				06FF0F651AC36094002E1B21 /* Resources */,
			);
			buildRules = (
			);
			dependencies = (
			);
			name = "Quotes WatchKit App";
			productName = "Quotes WatchKit App";
			productReference = 06FF0F671AC36094002E1B21 /* Quotes WatchKit App.app */;
			productType = "com.apple.product-type.application.watchapp";
		};
/* End PBXNativeTarget section */

/* Begin PBXProject section */
		06FF0F271AC36066002E1B21 /* Project object */ = {
			isa = PBXProject;
			attributes = {
				LastSwiftUpdateCheck = 0700;
				LastUpgradeCheck = 0640;
				ORGANIZATIONNAME = SmoothPursuit;
				TargetAttributes = {
					06FF0F2E1AC36066002E1B21 = {
						CreatedOnToolsVersion = 6.3;
						DevelopmentTeam = 753Q5N89CP;
					};
					06FF0F431AC36066002E1B21 = {
						CreatedOnToolsVersion = 6.3;
						TestTargetID = 06FF0F2E1AC36066002E1B21;
					};
					06FF0F571AC36094002E1B21 = {
						CreatedOnToolsVersion = 6.3;
						DevelopmentTeam = 753Q5N89CP;
					};
					06FF0F661AC36094002E1B21 = {
						CreatedOnToolsVersion = 6.3;
						DevelopmentTeam = 753Q5N89CP;
					};
				};
			};
			buildConfigurationList = 06FF0F2A1AC36066002E1B21 /* Build configuration list for PBXProject "Quotes" */;
			compatibilityVersion = "Xcode 3.2";
			developmentRegion = English;
			hasScannedForEncodings = 0;
			knownRegions = (
				en,
				Base,
			);
			mainGroup = 06FF0F261AC36066002E1B21;
			productRefGroup = 06FF0F301AC36066002E1B21 /* Products */;
			projectDirPath = "";
			projectRoot = "";
			targets = (
				06FF0F2E1AC36066002E1B21 /* Quotes */,
				06FF0F431AC36066002E1B21 /* QuotesTests */,
				06FF0F571AC36094002E1B21 /* Quotes WatchKit Extension */,
				06FF0F661AC36094002E1B21 /* Quotes WatchKit App */,
			);
		};
/* End PBXProject section */

/* Begin PBXResourcesBuildPhase section */
		06FF0F2D1AC36066002E1B21 /* Resources */ = {
			isa = PBXResourcesBuildPhase;
			buildActionMask = 2147483647;
			files = (
				06FF0F3F1AC36066002E1B21 /* LaunchScreen.xib in Resources */,
				06FF0F3C1AC36066002E1B21 /* Images.xcassets in Resources */,
			);
			runOnlyForDeploymentPostprocessing = 0;
		};
		06FF0F421AC36066002E1B21 /* Resources */ = {
			isa = PBXResourcesBuildPhase;
			buildActionMask = 2147483647;
			files = (
				062BDFA61B2C9FEB00B7F3F8 /* redditMock.json in Resources */,
			);
			runOnlyForDeploymentPostprocessing = 0;
		};
		06FF0F561AC36094002E1B21 /* Resources */ = {
			isa = PBXResourcesBuildPhase;
			buildActionMask = 2147483647;
			files = (
				06FF0F641AC36094002E1B21 /* Images.xcassets in Resources */,
				06FF0F681AC36094002E1B21 /* Quotes WatchKit App.app in Resources */,
			);
			runOnlyForDeploymentPostprocessing = 0;
		};
		06FF0F651AC36094002E1B21 /* Resources */ = {
			isa = PBXResourcesBuildPhase;
			buildActionMask = 2147483647;
			files = (
				06FF0F701AC36094002E1B21 /* Interface.storyboard in Resources */,
				06FF0F721AC36094002E1B21 /* Images.xcassets in Resources */,
			);
			runOnlyForDeploymentPostprocessing = 0;
		};
/* End PBXResourcesBuildPhase section */

/* Begin PBXShellScriptBuildPhase section */
		03EBFCF77CB97AD9E37945CD /* Copy Pods Resources */ = {
			isa = PBXShellScriptBuildPhase;
			buildActionMask = 2147483647;
			files = (
			);
			inputPaths = (
			);
			name = "Copy Pods Resources";
			outputPaths = (
			);
			runOnlyForDeploymentPostprocessing = 0;
			shellPath = /bin/sh;
			shellScript = "\"${SRCROOT}/Pods/Target Support Files/Pods-Quotes/Pods-Quotes-resources.sh\"\n";
			showEnvVarsInLog = 0;
		};
		06C604001B76214C002AD31B /* Run Script */ = {
			isa = PBXShellScriptBuildPhase;
			buildActionMask = 2147483647;
			files = (
			);
			inputPaths = (
				"$(SRCROOT)/myfile",
			);
			name = "Run Script";
			outputPaths = (
			);
			runOnlyForDeploymentPostprocessing = 0;
			shellPath = /bin/sh;
			shellScript = "\"${PODS_ROOT}/Fabric/Fabric.framework/run\" 4237add5d4295e04596fa40200fbb1fb476337f0 a1ac94b874527ea6ed14753e6e9c3dc47057429b97b1f805effcf7c55556f9bd";
		};
		07EF9A1170C229BD35B7CCD7 /* Check Pods Manifest.lock */ = {
			isa = PBXShellScriptBuildPhase;
			buildActionMask = 2147483647;
			files = (
			);
			inputPaths = (
			);
			name = "Check Pods Manifest.lock";
			outputPaths = (
			);
			runOnlyForDeploymentPostprocessing = 0;
			shellPath = /bin/sh;
			shellScript = "diff \"${PODS_ROOT}/../Podfile.lock\" \"${PODS_ROOT}/Manifest.lock\" > /dev/null\nif [[ $? != 0 ]] ; then\n    cat << EOM\nerror: The sandbox is not in sync with the Podfile.lock. Run 'pod install' or update your CocoaPods installation.\nEOM\n    exit 1\nfi\n";
			showEnvVarsInLog = 0;
		};
		1C48CEDD1388DE03B8FA415B /* Copy Pods Resources */ = {
			isa = PBXShellScriptBuildPhase;
			buildActionMask = 2147483647;
			files = (
			);
			inputPaths = (
			);
			name = "Copy Pods Resources";
			outputPaths = (
			);
			runOnlyForDeploymentPostprocessing = 0;
			shellPath = /bin/sh;
			shellScript = "\"${SRCROOT}/Pods/Target Support Files/Pods-Quotes WatchKit Extension/Pods-Quotes WatchKit Extension-resources.sh\"\n";
		};
		991E924F21D26B8FE4FA4712 /* Check Pods Manifest.lock */ = {
			isa = PBXShellScriptBuildPhase;
			buildActionMask = 2147483647;
			files = (
			);
			inputPaths = (
			);
			name = "Check Pods Manifest.lock";
			outputPaths = (
			);
			runOnlyForDeploymentPostprocessing = 0;
			shellPath = /bin/sh;
			shellScript = "diff \"${PODS_ROOT}/../Podfile.lock\" \"${PODS_ROOT}/Manifest.lock\" > /dev/null\nif [[ $? != 0 ]] ; then\n    cat << EOM\nerror: The sandbox is not in sync with the Podfile.lock. Run 'pod install' or update your CocoaPods installation.\nEOM\n    exit 1\nfi\n";
			showEnvVarsInLog = 0;
		};
		D8C2A8091E9CA6C55BEFAEAA /* Embed Pods Frameworks */ = {
			isa = PBXShellScriptBuildPhase;
			buildActionMask = 2147483647;
			files = (
			);
			inputPaths = (
			);
			name = "Embed Pods Frameworks";
			outputPaths = (
			);
			runOnlyForDeploymentPostprocessing = 0;
			shellPath = /bin/sh;
			shellScript = "\"${SRCROOT}/Pods/Target Support Files/Pods-Quotes/Pods-Quotes-frameworks.sh\"\n";
			showEnvVarsInLog = 0;
		};
/* End PBXShellScriptBuildPhase section */

/* Begin PBXSourcesBuildPhase section */
		06FF0F2B1AC36066002E1B21 /* Sources */ = {
			isa = PBXSourcesBuildPhase;
			buildActionMask = 2147483647;
			files = (
				064847FE1B299AEF00DBAE42 /* QuoteModel.swift in Sources */,
				062BDF611B2AED3100B7F3F8 /* Action.swift in Sources */,
				062BDEFB1B29F47900B7F3F8 /* Constant.swift in Sources */,
				06D37C9B1AD0AC1D0056C9ED /* UICollectionFlowLayoutCustom.swift in Sources */,
				06647BAF1AC37FEF0082DFAB /* RedditProvider.swift in Sources */,
				062BDF7F1B2C433600B7F3F8 /* Command.swift in Sources */,
				06D37C991AD07F730056C9ED /* UIColectionViewCellCustom.swift in Sources */,
				06D37C931AD076A90056C9ED /* UIView+AutoLayout.swift in Sources */,
				06FF0F371AC36066002E1B21 /* ViewController.swift in Sources */,
				064848001B299B2C00DBAE42 /* GoogleAnalytics.swift in Sources */,
				06D37C951AD0780E0056C9ED /* DataSource.swift in Sources */,
				064848051B29C58500DBAE42 /* RedditParser.swift in Sources */,
				062BDF761B2B4B9000B7F3F8 /* MessageBuilder.swift in Sources */,
				06FF0F351AC36066002E1B21 /* AppDelegate.swift in Sources */,
				062BDF6E1B2B494600B7F3F8 /* GAWatchImplementation.swift in Sources */,
			);
			runOnlyForDeploymentPostprocessing = 0;
		};
		06FF0F401AC36066002E1B21 /* Sources */ = {
			isa = PBXSourcesBuildPhase;
			buildActionMask = 2147483647;
			files = (
				064848081B29EE3500DBAE42 /* QuoteModel.swift in Sources */,
				062BDF9C1B2C839700B7F3F8 /* GoogleAnalytics.swift in Sources */,
				062BDF661B2B20BE00B7F3F8 /* Action.swift in Sources */,
				062BDF991B2C823300B7F3F8 /* RedditProvider.swift in Sources */,
				062BDF801B2C46A500B7F3F8 /* Command.swift in Sources */,
				062BDF771B2B4BCB00B7F3F8 /* MessageBuilder.swift in Sources */,
				06FF0F4B1AC36066002E1B21 /* RedditParserTests.swift in Sources */,
				062BDEFC1B29FC9C00B7F3F8 /* Constant.swift in Sources */,
				062BDF6F1B2B495700B7F3F8 /* GAWatchImplementation.swift in Sources */,
				062BDF981B2C81E600B7F3F8 /* RedditParser.swift in Sources */,
			);
			runOnlyForDeploymentPostprocessing = 0;
		};
		06FF0F541AC36094002E1B21 /* Sources */ = {
			isa = PBXSourcesBuildPhase;
			buildActionMask = 2147483647;
			files = (
				062BDEFD1B29FC9C00B7F3F8 /* Constant.swift in Sources */,
				064848091B29EE3600DBAE42 /* QuoteModel.swift in Sources */,
				062BDF811B2C46BA00B7F3F8 /* Command.swift in Sources */,
				06647BAC1AC37AB60082DFAB /* RedditProvider.swift in Sources */,
				06647BAE1AC37D070082DFAB /* InterfaceController.swift in Sources */,
				062BDF851B2C728E00B7F3F8 /* WatchCommunicator.swift in Sources */,
				062BDF781B2B4BCC00B7F3F8 /* MessageBuilder.swift in Sources */,
				064848071B29EC2500DBAE42 /* RedditParser.swift in Sources */,
			);
			runOnlyForDeploymentPostprocessing = 0;
		};
/* End PBXSourcesBuildPhase section */

/* Begin PBXTargetDependency section */
		06FF0F461AC36066002E1B21 /* PBXTargetDependency */ = {
			isa = PBXTargetDependency;
			target = 06FF0F2E1AC36066002E1B21 /* Quotes */;
			targetProxy = 06FF0F451AC36066002E1B21 /* PBXContainerItemProxy */;
		};
		06FF0F6A1AC36094002E1B21 /* PBXTargetDependency */ = {
			isa = PBXTargetDependency;
			target = 06FF0F661AC36094002E1B21 /* Quotes WatchKit App */;
			targetProxy = 06FF0F691AC36094002E1B21 /* PBXContainerItemProxy */;
		};
		06FF0F741AC36094002E1B21 /* PBXTargetDependency */ = {
			isa = PBXTargetDependency;
			target = 06FF0F571AC36094002E1B21 /* Quotes WatchKit Extension */;
			targetProxy = 06FF0F731AC36094002E1B21 /* PBXContainerItemProxy */;
		};
/* End PBXTargetDependency section */

/* Begin PBXVariantGroup section */
		06FF0F3D1AC36066002E1B21 /* LaunchScreen.xib */ = {
			isa = PBXVariantGroup;
			children = (
				06FF0F3E1AC36066002E1B21 /* Base */,
			);
			name = LaunchScreen.xib;
			sourceTree = "<group>";
		};
		06FF0F6E1AC36094002E1B21 /* Interface.storyboard */ = {
			isa = PBXVariantGroup;
			children = (
				06FF0F6F1AC36094002E1B21 /* Base */,
			);
			name = Interface.storyboard;
			sourceTree = "<group>";
		};
/* End PBXVariantGroup section */

/* Begin XCBuildConfiguration section */
		06FF0F4C1AC36066002E1B21 /* Debug */ = {
			isa = XCBuildConfiguration;
			buildSettings = {
				ALWAYS_SEARCH_USER_PATHS = NO;
				CLANG_CXX_LANGUAGE_STANDARD = "gnu++0x";
				CLANG_CXX_LIBRARY = "libc++";
				CLANG_ENABLE_MODULES = YES;
				CLANG_ENABLE_OBJC_ARC = YES;
				CLANG_WARN_BOOL_CONVERSION = YES;
				CLANG_WARN_CONSTANT_CONVERSION = YES;
				CLANG_WARN_DIRECT_OBJC_ISA_USAGE = YES_ERROR;
				CLANG_WARN_EMPTY_BODY = YES;
				CLANG_WARN_ENUM_CONVERSION = YES;
				CLANG_WARN_INT_CONVERSION = YES;
				CLANG_WARN_OBJC_ROOT_CLASS = YES_ERROR;
				CLANG_WARN_UNREACHABLE_CODE = YES;
				CLANG_WARN__DUPLICATE_METHOD_MATCH = YES;
				"CODE_SIGN_IDENTITY[sdk=iphoneos*]" = "iPhone Developer: Rui Pereira (38HE838UDE)";
				COPY_PHASE_STRIP = NO;
				DEBUG_INFORMATION_FORMAT = dwarf;
				ENABLE_STRICT_OBJC_MSGSEND = YES;
				GCC_C_LANGUAGE_STANDARD = gnu99;
				GCC_DYNAMIC_NO_PIC = NO;
				GCC_NO_COMMON_BLOCKS = YES;
				GCC_OPTIMIZATION_LEVEL = 0;
				GCC_PREPROCESSOR_DEFINITIONS = (
					"DEBUG=1",
					"$(inherited)",
				);
				GCC_SYMBOLS_PRIVATE_EXTERN = NO;
				GCC_WARN_64_TO_32_BIT_CONVERSION = YES;
				GCC_WARN_ABOUT_RETURN_TYPE = YES_ERROR;
				GCC_WARN_UNDECLARED_SELECTOR = YES;
				GCC_WARN_UNINITIALIZED_AUTOS = YES_AGGRESSIVE;
				GCC_WARN_UNUSED_FUNCTION = YES;
				GCC_WARN_UNUSED_VARIABLE = YES;
				IPHONEOS_DEPLOYMENT_TARGET = 8.2;
				MTL_ENABLE_DEBUG_INFO = YES;
				ONLY_ACTIVE_ARCH = YES;
				PROVISIONING_PROFILE = "37f5fe6d-e615-4703-b3f5-a8efe24c77d4";
				SDKROOT = iphoneos;
				SWIFT_OPTIMIZATION_LEVEL = "-Onone";
				TARGETED_DEVICE_FAMILY = "1,2";
			};
			name = Debug;
		};
		06FF0F4D1AC36066002E1B21 /* Release */ = {
			isa = XCBuildConfiguration;
			buildSettings = {
				ALWAYS_SEARCH_USER_PATHS = NO;
				CLANG_CXX_LANGUAGE_STANDARD = "gnu++0x";
				CLANG_CXX_LIBRARY = "libc++";
				CLANG_ENABLE_MODULES = YES;
				CLANG_ENABLE_OBJC_ARC = YES;
				CLANG_WARN_BOOL_CONVERSION = YES;
				CLANG_WARN_CONSTANT_CONVERSION = YES;
				CLANG_WARN_DIRECT_OBJC_ISA_USAGE = YES_ERROR;
				CLANG_WARN_EMPTY_BODY = YES;
				CLANG_WARN_ENUM_CONVERSION = YES;
				CLANG_WARN_INT_CONVERSION = YES;
				CLANG_WARN_OBJC_ROOT_CLASS = YES_ERROR;
				CLANG_WARN_UNREACHABLE_CODE = YES;
				CLANG_WARN__DUPLICATE_METHOD_MATCH = YES;
				"CODE_SIGN_IDENTITY[sdk=iphoneos*]" = "iPhone Distribution: Rui Pereira (753Q5N89CP)";
				COPY_PHASE_STRIP = NO;
				DEBUG_INFORMATION_FORMAT = "dwarf-with-dsym";
				ENABLE_NS_ASSERTIONS = NO;
				ENABLE_STRICT_OBJC_MSGSEND = YES;
				GCC_C_LANGUAGE_STANDARD = gnu99;
				GCC_NO_COMMON_BLOCKS = YES;
				GCC_WARN_64_TO_32_BIT_CONVERSION = YES;
				GCC_WARN_ABOUT_RETURN_TYPE = YES_ERROR;
				GCC_WARN_UNDECLARED_SELECTOR = YES;
				GCC_WARN_UNINITIALIZED_AUTOS = YES_AGGRESSIVE;
				GCC_WARN_UNUSED_FUNCTION = YES;
				GCC_WARN_UNUSED_VARIABLE = YES;
				IPHONEOS_DEPLOYMENT_TARGET = 8.2;
				MTL_ENABLE_DEBUG_INFO = NO;
				PROVISIONING_PROFILE = "58a280eb-7707-4bf2-ae15-8f90c48581e5";
				SDKROOT = iphoneos;
				TARGETED_DEVICE_FAMILY = "1,2";
				VALIDATE_PRODUCT = YES;
			};
			name = Release;
		};
		06FF0F4F1AC36066002E1B21 /* Debug */ = {
			isa = XCBuildConfiguration;
			baseConfigurationReference = 8EC5C982DC13FB6B18E44232 /* Pods-Quotes.debug.xcconfig */;
			buildSettings = {
				ASSETCATALOG_COMPILER_APPICON_NAME = AppIcon;
				CODE_SIGN_IDENTITY = "iPhone Developer: Rui Pereira (38HE838UDE)";
				"CODE_SIGN_IDENTITY[sdk=iphoneos*]" = "iPhone Developer: Rui Pereira (38HE838UDE)";
				CURRENT_PROJECT_VERSION = 6;
				DEBUG_INFORMATION_FORMAT = "dwarf-with-dsym";
				EMBEDDED_CONTENT_CONTAINS_SWIFT = YES;
				FRAMEWORK_SEARCH_PATHS = "$(inherited)";
				INFOPLIST_FILE = Quotes/Info.plist;
				IPHONEOS_DEPLOYMENT_TARGET = 8.2;
				LD_RUNPATH_SEARCH_PATHS = "$(inherited) @executable_path/Frameworks";
				LIBRARY_SEARCH_PATHS = (
					"$(inherited)",
					"$(PROJECT_DIR)",
					"$(PROJECT_DIR)/Quotes/GA",
				);
				MACH_O_TYPE = mh_execute;
				PRODUCT_NAME = "$(TARGET_NAME)";
				PROVISIONING_PROFILE = "37f5fe6d-e615-4703-b3f5-a8efe24c77d4";
				SWIFT_OBJC_BRIDGING_HEADER = "Quotes/GA/GA-Bridging-Header.h";
			};
			name = Debug;
		};
		06FF0F501AC36066002E1B21 /* Release */ = {
			isa = XCBuildConfiguration;
			baseConfigurationReference = FA445B3E53DCAEA19998CFCB /* Pods-Quotes.release.xcconfig */;
			buildSettings = {
				ASSETCATALOG_COMPILER_APPICON_NAME = AppIcon;
				CODE_SIGN_IDENTITY = "iPhone Distribution: Rui Pereira (753Q5N89CP)";
				"CODE_SIGN_IDENTITY[sdk=iphoneos*]" = "iPhone Distribution: Rui Pereira (753Q5N89CP)";
				CURRENT_PROJECT_VERSION = 6;
				EMBEDDED_CONTENT_CONTAINS_SWIFT = YES;
				FRAMEWORK_SEARCH_PATHS = "$(inherited)";
				INFOPLIST_FILE = Quotes/Info.plist;
				IPHONEOS_DEPLOYMENT_TARGET = 8.2;
				LD_RUNPATH_SEARCH_PATHS = "$(inherited) @executable_path/Frameworks";
				LIBRARY_SEARCH_PATHS = (
					"$(inherited)",
					"$(PROJECT_DIR)",
					"$(PROJECT_DIR)/Quotes/GA",
				);
				MACH_O_TYPE = mh_execute;
				ONLY_ACTIVE_ARCH = YES;
				PRODUCT_NAME = "$(TARGET_NAME)";
				PROVISIONING_PROFILE = "58a280eb-7707-4bf2-ae15-8f90c48581e5";
				SWIFT_OBJC_BRIDGING_HEADER = "Quotes/GA/GA-Bridging-Header.h";
			};
			name = Release;
		};
		06FF0F521AC36066002E1B21 /* Debug */ = {
			isa = XCBuildConfiguration;
			buildSettings = {
				BUNDLE_LOADER = "$(TEST_HOST)";
				EMBEDDED_CONTENT_CONTAINS_SWIFT = YES;
				FRAMEWORK_SEARCH_PATHS = (
					"$(SDKROOT)/Developer/Library/Frameworks",
					"$(inherited)",
					"$(PROJECT_DIR)/Carthage/Build/iOS",
				);
				GCC_GENERATE_TEST_COVERAGE_FILES = YES;
				GCC_PREPROCESSOR_DEFINITIONS = (
					"DEBUG=1",
					"$(inherited)",
				);
				INFOPLIST_FILE = QuotesTests/Info.plist;
				IPHONEOS_DEPLOYMENT_TARGET = 8.2;
				LD_RUNPATH_SEARCH_PATHS = "$(inherited) @executable_path/Frameworks @loader_path/Frameworks";
				LIBRARY_SEARCH_PATHS = (
					"$(PROJECT_DIR)/Quotes/GA",
					"$(PROJECT_DIR)",
					"$(inherited)",
				);
				PRODUCT_NAME = "$(TARGET_NAME)";
				SWIFT_OBJC_BRIDGING_HEADER = "Quotes/GA/GA-Bridging-Header.h";
				TEST_HOST = "$(BUILT_PRODUCTS_DIR)/Quotes.app/Quotes";
			};
			name = Debug;
		};
		06FF0F531AC36066002E1B21 /* Release */ = {
			isa = XCBuildConfiguration;
			buildSettings = {
				BUNDLE_LOADER = "$(TEST_HOST)";
				EMBEDDED_CONTENT_CONTAINS_SWIFT = YES;
				FRAMEWORK_SEARCH_PATHS = (
					"$(SDKROOT)/Developer/Library/Frameworks",
					"$(inherited)",
					"$(PROJECT_DIR)/Carthage/Build/iOS",
				);
				GCC_GENERATE_TEST_COVERAGE_FILES = YES;
				INFOPLIST_FILE = QuotesTests/Info.plist;
				IPHONEOS_DEPLOYMENT_TARGET = 8.2;
				LD_RUNPATH_SEARCH_PATHS = "$(inherited) @executable_path/Frameworks @loader_path/Frameworks";
				LIBRARY_SEARCH_PATHS = (
					"$(PROJECT_DIR)/Quotes/GA",
					"$(PROJECT_DIR)",
					"$(inherited)",
				);
				ONLY_ACTIVE_ARCH = YES;
				PRODUCT_NAME = "$(TARGET_NAME)";
				SWIFT_OBJC_BRIDGING_HEADER = "Quotes/GA/GA-Bridging-Header.h";
				TEST_HOST = "$(BUILT_PRODUCTS_DIR)/Quotes.app/Quotes";
			};
			name = Release;
		};
		06FF0F771AC36095002E1B21 /* Debug */ = {
			isa = XCBuildConfiguration;
			buildSettings = {
				ASSETCATALOG_COMPILER_APPICON_NAME = AppIcon;
				CODE_SIGN_IDENTITY = "iPhone Distribution: Rui Pereira (753Q5N89CP)";
				"CODE_SIGN_IDENTITY[sdk=iphoneos*]" = "iPhone Distribution: Rui Pereira (753Q5N89CP)";
				EMBEDDED_CONTENT_CONTAINS_SWIFT = YES;
				GCC_PREPROCESSOR_DEFINITIONS = (
					"DEBUG=1",
					"$(inherited)",
				);
				IBSC_MODULE = Quotes_WatchKit_Extension;
				INFOPLIST_FILE = "Quotes WatchKit App/Info.plist";
				IPHONEOS_DEPLOYMENT_TARGET = 8.2;
				LD_RUNPATH_SEARCH_PATHS = "@executable_path/Frameworks";
				PRODUCT_NAME = "$(TARGET_NAME)";
				PROVISIONING_PROFILE = "37f5fe6d-e615-4703-b3f5-a8efe24c77d4";
				SKIP_INSTALL = YES;
				TARGETED_DEVICE_FAMILY = 4;
				"TARGETED_DEVICE_FAMILY[sdk=iphonesimulator*]" = "1,4";
			};
			name = Debug;
		};
		06FF0F781AC36095002E1B21 /* Release */ = {
			isa = XCBuildConfiguration;
			buildSettings = {
				ASSETCATALOG_COMPILER_APPICON_NAME = AppIcon;
				CODE_SIGN_IDENTITY = "iPhone Distribution: Rui Pereira (753Q5N89CP)";
				"CODE_SIGN_IDENTITY[sdk=iphoneos*]" = "iPhone Distribution: Rui Pereira (753Q5N89CP)";
				EMBEDDED_CONTENT_CONTAINS_SWIFT = YES;
				IBSC_MODULE = Quotes_WatchKit_Extension;
				INFOPLIST_FILE = "Quotes WatchKit App/Info.plist";
				IPHONEOS_DEPLOYMENT_TARGET = 8.2;
				LD_RUNPATH_SEARCH_PATHS = "@executable_path/Frameworks";
				ONLY_ACTIVE_ARCH = YES;
				PRODUCT_NAME = "$(TARGET_NAME)";
				PROVISIONING_PROFILE = "58a280eb-7707-4bf2-ae15-8f90c48581e5";
				SKIP_INSTALL = YES;
				TARGETED_DEVICE_FAMILY = 4;
				"TARGETED_DEVICE_FAMILY[sdk=iphonesimulator*]" = "1,4";
			};
			name = Release;
		};
		06FF0F7A1AC36095002E1B21 /* Debug */ = {
			isa = XCBuildConfiguration;
			baseConfigurationReference = 9012A927873326661C88BD4E /* Pods-Quotes WatchKit Extension.debug.xcconfig */;
			buildSettings = {
				CODE_SIGN_IDENTITY = "iPhone Developer";
				"CODE_SIGN_IDENTITY[sdk=iphoneos*]" = "iPhone Developer: Rui Pereira (38HE838UDE)";
				EMBEDDED_CONTENT_CONTAINS_SWIFT = NO;
				FRAMEWORK_SEARCH_PATHS = "$(inherited)";
				GCC_PREPROCESSOR_DEFINITIONS = (
					"DEBUG=1",
					"$(inherited)",
				);
				INFOPLIST_FILE = "Quotes WatchKit Extension/Info.plist";
				IPHONEOS_DEPLOYMENT_TARGET = 8.2;
				LD_RUNPATH_SEARCH_PATHS = "$(inherited) @executable_path/Frameworks @executable_path/../../Frameworks";
				LIBRARY_SEARCH_PATHS = (
					"$(inherited)",
					"$(PROJECT_DIR)/Quotes/GA",
				);
				PRODUCT_NAME = "${TARGET_NAME}";
				PROVISIONING_PROFILE = "37f5fe6d-e615-4703-b3f5-a8efe24c77d4";
				SKIP_INSTALL = YES;
			};
			name = Debug;
		};
		06FF0F7B1AC36095002E1B21 /* Release */ = {
			isa = XCBuildConfiguration;
			baseConfigurationReference = E5AD1545A13AF0FDAB2858E6 /* Pods-Quotes WatchKit Extension.release.xcconfig */;
			buildSettings = {
				CODE_SIGN_IDENTITY = "iPhone Developer";
				"CODE_SIGN_IDENTITY[sdk=iphoneos*]" = "iPhone Distribution: Rui Pereira (753Q5N89CP)";
				EMBEDDED_CONTENT_CONTAINS_SWIFT = NO;
				FRAMEWORK_SEARCH_PATHS = "$(inherited)";
				INFOPLIST_FILE = "Quotes WatchKit Extension/Info.plist";
				IPHONEOS_DEPLOYMENT_TARGET = 8.2;
				LD_RUNPATH_SEARCH_PATHS = "$(inherited) @executable_path/Frameworks @executable_path/../../Frameworks";
				LIBRARY_SEARCH_PATHS = (
					"$(inherited)",
					"$(PROJECT_DIR)/Quotes/GA",
				);
				ONLY_ACTIVE_ARCH = YES;
				PRODUCT_NAME = "${TARGET_NAME}";
				PROVISIONING_PROFILE = "58a280eb-7707-4bf2-ae15-8f90c48581e5";
				SKIP_INSTALL = YES;
			};
			name = Release;
		};
/* End XCBuildConfiguration section */

/* Begin XCConfigurationList section */
		06FF0F2A1AC36066002E1B21 /* Build configuration list for PBXProject "Quotes" */ = {
			isa = XCConfigurationList;
			buildConfigurations = (
				06FF0F4C1AC36066002E1B21 /* Debug */,
				06FF0F4D1AC36066002E1B21 /* Release */,
			);
			defaultConfigurationIsVisible = 0;
			defaultConfigurationName = Release;
		};
		06FF0F4E1AC36066002E1B21 /* Build configuration list for PBXNativeTarget "Quotes" */ = {
			isa = XCConfigurationList;
			buildConfigurations = (
				06FF0F4F1AC36066002E1B21 /* Debug */,
				06FF0F501AC36066002E1B21 /* Release */,
			);
			defaultConfigurationIsVisible = 0;
			defaultConfigurationName = Release;
		};
		06FF0F511AC36066002E1B21 /* Build configuration list for PBXNativeTarget "QuotesTests" */ = {
			isa = XCConfigurationList;
			buildConfigurations = (
				06FF0F521AC36066002E1B21 /* Debug */,
				06FF0F531AC36066002E1B21 /* Release */,
			);
			defaultConfigurationIsVisible = 0;
			defaultConfigurationName = Release;
		};
		06FF0F761AC36095002E1B21 /* Build configuration list for PBXNativeTarget "Quotes WatchKit App" */ = {
			isa = XCConfigurationList;
			buildConfigurations = (
				06FF0F771AC36095002E1B21 /* Debug */,
				06FF0F781AC36095002E1B21 /* Release */,
			);
			defaultConfigurationIsVisible = 0;
			defaultConfigurationName = Release;
		};
		06FF0F791AC36095002E1B21 /* Build configuration list for PBXNativeTarget "Quotes WatchKit Extension" */ = {
			isa = XCConfigurationList;
			buildConfigurations = (
				06FF0F7A1AC36095002E1B21 /* Debug */,
				06FF0F7B1AC36095002E1B21 /* Release */,
			);
			defaultConfigurationIsVisible = 0;
			defaultConfigurationName = Release;
		};
/* End XCConfigurationList section */
	};
	rootObject = 06FF0F271AC36066002E1B21 /* Project object */;
}
